
Microsoft Visual Studio Solution File, Format Version 11.00
# Visual Studio Version 17

Project("{8BC9CEB8-8B4A-11D0-8D11-00A0C91BC942}") = "AudioPlugin - Standalone Plugin", "AudioPlugin_StandalonePlugin.vcxproj", "{E19602A2-1039-3AD4-B058-10369868CB0B}"
	ProjectSection(ProjectDependencies) = postProject
		{2DE1E787-65FA-BB51-52AF-4ED1852EAEBB} = {2DE1E787-65FA-BB51-52AF-4ED1852EAEBB}
	EndProjectSection
EndProject
Project("{8BC9CEB8-8B4A-11D0-8D11-00A0C91BC942}") = "AudioPlugin - VST3", "AudioPlugin_VST3.vcxproj", "{7E9DFFA4-B28E-761C-FF08-B31F00487B7D}"
	ProjectSection(ProjectDependencies) = postProject
		{2DE1E787-65FA-BB51-52AF-4ED1852EAEBB} = {2DE1E787-65FA-BB51-52AF-4ED1852EAEBB}
		{8D38C036-87EB-3D2F-5CF3-84E6D34CF390} = {8D38C036-87EB-3D2F-5CF3-84E6D34CF390}
	EndProjectSection
EndProject
Project("{8BC9CEB8-8B4A-11D0-8D11-00A0C91BC942}") = "AudioPlugin - Shared Code", "AudioPlugin_SharedCode.vcxproj", "{2DE1E787-65FA-BB51-52AF-4ED1852EAEBB}"
EndProject
Project("{8BC9CEB8-8B4A-11D0-8D11-00A0C91BC942}") = "AudioPlugin - VST3 Manifest Helper", "AudioPlugin_VST3ManifestHelper.vcxproj", "{8D38C036-87EB-3D2F-5CF3-84E6D34CF390}"
EndProject
Global
	GlobalSection(SolutionConfigurationPlatforms) = preSolution
		Debug|x64 = Debug|x64
		Release|x64 = Release|x64
	EndGlobalSection
	GlobalSection(ProjectConfigurationPlatforms) = postSolution
		{7E9DFFA4-B28E-761C-FF08-B31F00487B7D}.Debug|x64.ActiveCfg = Debug|x64
		{7E9DFFA4-B28E-761C-FF08-B31F00487B7D}.Debug|x64.Build.0 = Debug|x64
		{7E9DFFA4-B28E-761C-FF08-B31F00487B7D}.Release|x64.ActiveCfg = Release|x64
		{7E9DFFA4-B28E-761C-FF08-B31F00487B7D}.Release|x64.Build.0 = Release|x64
		{E19602A2-1039-3AD4-B058-10369868CB0B}.Debug|x64.ActiveCfg = Debug|x64
		{E19602A2-1039-3AD4-B058-10369868CB0B}.Debug|x64.Build.0 = Debug|x64
		{E19602A2-1039-3AD4-B058-10369868CB0B}.Release|x64.ActiveCfg = Release|x64
		{E19602A2-1039-3AD4-B058-10369868CB0B}.Release|x64.Build.0 = Release|x64
		{2DE1E787-65FA-BB51-52AF-4ED1852EAEBB}.Debug|x64.ActiveCfg = Debug|x64
		{2DE1E787-65FA-BB51-52AF-4ED1852EAEBB}.Debug|x64.Build.0 = Debug|x64
		{2DE1E787-65FA-BB51-52AF-4ED1852EAEBB}.Release|x64.ActiveCfg = Release|x64
		{2DE1E787-65FA-BB51-52AF-4ED1852EAEBB}.Release|x64.Build.0 = Release|x64
		{8D38C036-87EB-3D2F-5CF3-84E6D34CF390}.Debug|x64.ActiveCfg = Debug|x64
		{8D38C036-87EB-3D2F-5CF3-84E6D34CF390}.Debug|x64.Build.0 = Debug|x64
		{8D38C036-87EB-3D2F-5CF3-84E6D34CF390}.Release|x64.ActiveCfg = Release|x64
		{8D38C036-87EB-3D2F-5CF3-84E6D34CF390}.Release|x64.Build.0 = Release|x64
	EndGlobalSection
	GlobalSection(SolutionProperties) = preSolution
		HideSolutionNode = FALSE
	EndGlobalSection
EndGlobal
